
Microsoft Visual Studio Solution File, Format Version 12.00
# Visual Studio Version 17
VisualStudioVersion = 17.5.33414.496
MinimumVisualStudioVersion = 10.0.40219.1
Project("{FAE04EC0-301F-11D3-BF4B-00C04F79EFBC}") = "movie_crud", "movie_crud\movie_crud.csproj", "{FB0E6025-A415-42E0-85C1-92CF56CAD090}"
EndProject
Global
	GlobalSection(SolutionConfigurationPlatforms) = preSolution
		Debug|Any CPU = Debug|Any CPU
		Release|Any CPU = Release|Any CPU
	EndGlobalSection
	GlobalSection(ProjectConfigurationPlatforms) = postSolution
		{FB0E6025-A415-42E0-85C1-92CF56CAD090}.Debug|Any CPU.ActiveCfg = Debug|Any CPU
		{FB0E6025-A415-42E0-85C1-92CF56CAD090}.Debug|Any CPU.Build.0 = Debug|Any CPU
		{FB0E6025-A415-42E0-85C1-92CF56CAD090}.Release|Any CPU.ActiveCfg = Release|Any CPU
		{FB0E6025-A415-42E0-85C1-92CF56CAD090}.Release|Any CPU.Build.0 = Release|Any CPU
	EndGlobalSection
	GlobalSection(SolutionProperties) = preSolution
		HideSolutionNode = FALSE
	EndGlobalSection
	GlobalSection(ExtensibilityGlobals) = postSolution
		SolutionGuid = {35BD436C-2230-4148-8AD1-1011CC4BB4BC}
	EndGlobalSection
EndGlobal
